<?xml version="1.0" encoding="utf-8"?>
<Project ToolsVersion="4.0" xmlns="http://schemas.microsoft.com/developer/msbuild/2003">
  <ItemGroup>
    <Filter Include="Arquivos de Origem">
      <UniqueIdentifier>{4FC737F1-C7A5-4376-A066-2A32D752A2FF}</UniqueIdentifier>
      <Extensions>cpp;c;cc;cxx;c++;cppm;ixx;def;odl;idl;hpj;bat;asm;asmx</Extensions>
    </Filter>
    <Filter Include="Arquivos de Cabeçalho">
      <UniqueIdentifier>{93995380-89BD-4b04-88EB-625FBE52EBFB}</UniqueIdentifier>
      <Extensions>h;hh;hpp;hxx;h++;hm;inl;inc;ipp;xsd</Extensions>
    </Filter>
    <Filter Include="Arquivos de Recurso">
      <UniqueIdentifier>{67DA6AB6-F800-4c08-8B7A-83BB121AAD01}</UniqueIdentifier>
      <Extensions>rc;ico;cur;bmp;dlg;rc2;rct;bin;rgs;gif;jpg;jpeg;jpe;resx;tiff;tif;png;wav;mfcribbon-ms</Extensions>
    </Filter>
    <Filter Include="Arquivos de Cabeçalho\offsets">
      <UniqueIdentifier>{934a6c5f-94ea-4d15-a264-2029ac88310d}</UniqueIdentifier>
    </Filter>
    <Filter Include="Arquivos de Cabeçalho\offsets\curl">
      <UniqueIdentifier>{29b5dec5-c752-41cb-bd75-d5f020c6b091}</UniqueIdentifier>
    </Filter>
  </ItemGroup>
  <ItemGroup>
    <ClInclude Include="framework.h">
      <Filter>Arquivos de Cabeçalho</Filter>
    </ClInclude>
    <ClInclude Include="pch.h">
      <Filter>Arquivos de Cabeçalho</Filter>
    </ClInclude>
    <ClInclude Include="getoffsets.hpp">
      <Filter>Arquivos de Cabeçalho\offsets</Filter>
    </ClInclude>
    <ClInclude Include="offsets.hpp">
      <Filter>Arquivos de Cabeçalho\offsets</Filter>
    </ClInclude>
    <ClInclude Include="curl\curl.h">
      <Filter>Arquivos de Cabeçalho\offsets\curl</Filter>
    </ClInclude>
    <ClInclude Include="curl\curlver.h">
      <Filter>Arquivos de Cabeçalho\offsets\curl</Filter>
    </ClInclude>
    <ClInclude Include="curl\easy.h">
      <Filter>Arquivos de Cabeçalho\offsets\curl</Filter>
    </ClInclude>
    <ClInclude Include="curl\header.h">
      <Filter>Arquivos de Cabeçalho\offsets\curl</Filter>
    </ClInclude>
    <ClInclude Include="curl\json.hpp">
      <Filter>Arquivos de Cabeçalho\offsets\curl</Filter>
    </ClInclude>
    <ClInclude Include="curl\mprintf.h">
      <Filter>Arquivos de Cabeçalho\offsets\curl</Filter>
    </ClInclude>
    <ClInclude Include="curl\multi.h">
      <Filter>Arquivos de Cabeçalho\offsets\curl</Filter>
    </ClInclude>
    <ClInclude Include="curl\options.h">
      <Filter>Arquivos de Cabeçalho\offsets\curl</Filter>
    </ClInclude>
    <ClInclude Include="curl\stdcheaders.h">
      <Filter>Arquivos de Cabeçalho\offsets\curl</Filter>
    </ClInclude>
    <ClInclude Include="curl\system.h">
      <Filter>Arquivos de Cabeçalho\offsets\curl</Filter>
    </ClInclude>
    <ClInclude Include="curl\typecheck-gcc.h">
      <Filter>Arquivos de Cabeçalho\offsets\curl</Filter>
    </ClInclude>
    <ClInclude Include="curl\urlapi.h">
      <Filter>Arquivos de Cabeçalho\offsets\curl</Filter>
    </ClInclude>
    <ClInclude Include="curl\websockets.h">
      <Filter>Arquivos de Cabeçalho\offsets\curl</Filter>
    </ClInclude>
  </ItemGroup>
  <ItemGroup>
    <ClCompile Include="dllmain.cpp">
      <Filter>Arquivos de Origem</Filter>
    </ClCompile>
    <ClCompile Include="pch.cpp">
      <Filter>Arquivos de Origem</Filter>
    </ClCompile>
    <ClCompile Include="getoffsets.cpp">
      <Filter>Arquivos de Cabeçalho\offsets</Filter>
    </ClCompile>
  </ItemGroup>
  <ItemGroup>
    <Library Include="curl\libcurl_a.lib">
      <Filter>Arquivos de Cabeçalho\offsets\curl</Filter>
    </Library>
    <Library Include="curl\libcurl_a_debug.lib">
      <Filter>Arquivos de Cabeçalho\offsets\curl</Filter>
    </Library>
  </ItemGroup>
</Project>